
Microsoft Visual Studio Solution File, Format Version 12.00
# Visual Studio Version 17
VisualStudioVersion = 17.1.32414.318
MinimumVisualStudioVersion = 10.0.40219.1
Project("{FAE04EC0-301F-11D3-BF4B-00C04F79EFBC}") = "Kursach", "Kursach\Kursach.csproj", "{360D23EA-80FD-4405-8CBF-D3CA401865D6}"
EndProject
Global
	GlobalSection(SolutionConfigurationPlatforms) = preSolution
		Debug|Any CPU = Debug|Any CPU
		Release|Any CPU = Release|Any CPU
	EndGlobalSection
	GlobalSection(ProjectConfigurationPlatforms) = postSolution
		{360D23EA-80FD-4405-8CBF-D3CA401865D6}.Debug|Any CPU.ActiveCfg = Debug|Any CPU
		{360D23EA-80FD-4405-8CBF-D3CA401865D6}.Debug|Any CPU.Build.0 = Debug|Any CPU
		{360D23EA-80FD-4405-8CBF-D3CA401865D6}.Release|Any CPU.ActiveCfg = Release|Any CPU
		{360D23EA-80FD-4405-8CBF-D3CA401865D6}.Release|Any CPU.Build.0 = Release|Any CPU
	EndGlobalSection
	GlobalSection(SolutionProperties) = preSolution
		HideSolutionNode = FALSE
	EndGlobalSection
	GlobalSection(ExtensibilityGlobals) = postSolution
		SolutionGuid = {BD7173BD-391B-417B-B293-29C4682E90EE}
	EndGlobalSection
EndGlobal
